PODS:
  - ColorfulWoodCategories (1.0.20)
  - ColorfulWoodNavigationBar (1.0.5)
  - ColorfulWoodPoint (1.0.7)
  - ColorfulWoodTools (1.0.24):
    - ColorfulWoodNavigationBar
    - Masonry
    - MBProgressHUD
    - SDWebImage
  - ColorfulWoodUIBase (1.2.92):
    - ColorfulWoodCategories
    - ColorfulWoodNavigationBar
    - ColorfulWoodPoint
    - ColorfulWoodTools
    - IQKeyboardManager
    - Masonry
    - MJRefresh
    - RITLPhotos
    - SDWebImage
  - IQKeyboardManager (6.4.0)
  - Masonry (1.1.0)
  - MBProgressHUD (1.1.0)
  - MJRefresh (3.2.0)
  - RITLKit (2.0.0):
    - Masonry
    - RITLKit/Category (= 2.0.0)
    - RITLKit/ImagePicker (= 2.0.0)
    - RITLKit/ScrollPageController (= 2.0.0)
    - RITLKit/Utility (= 2.0.0)
    - RITLKit/View (= 2.0.0)
    - RITLKit/Web (= 2.0.0)
    - RITLViewFrame
  - RITLKit/Category (2.0.0):
    - Masonry
    - RITLKit/Utility
    - RITLViewFrame
  - RITLKit/ImagePicker (2.0.0):
    - Masonry
    - RITLViewFrame
  - RITLKit/ScrollPageController (2.0.0):
    - Masonry
    - RITLKit/Category
    - RITLKit/ScrollPageController/LLSegmentBar (= 2.0.0)
    - RITLKit/Utility
    - RITLViewFrame
  - RITLKit/ScrollPageController/LLSegmentBar (2.0.0):
    - Masonry
    - RITLKit/Category
    - RITLKit/Utility
    - RITLViewFrame
  - RITLKit/Utility (2.0.0):
    - Masonry
    - RITLKit/Utility/DownLoader (= 2.0.0)
    - RITLKit/Utility/Filter (= 2.0.0)
    - RITLKit/Utility/Reachability (= 2.0.0)
    - RITLViewFrame
  - RITLKit/Utility/DownLoader (2.0.0):
    - Masonry
    - RITLViewFrame
  - RITLKit/Utility/Filter (2.0.0):
    - Masonry
    - RITLViewFrame
  - RITLKit/Utility/Reachability (2.0.0):
    - Masonry
    - RITLViewFrame
  - RITLKit/View (2.0.0):
    - Masonry
    - RITLKit/Category
    - RITLKit/Utility
    - RITLViewFrame
  - RITLKit/Web (2.0.0):
    - Masonry
    - RITLKit/Category
    - RITLKit/Utility
    - RITLViewFrame
  - RITLPhotos (2.3.0):
    - Masonry
    - RITLKit
    - RITLPhotos/Protocol (= 2.3.0)
    - RITLPhotos/RITLCollectionModule (= 2.3.0)
    - RITLPhotos/RITLConfig (= 2.3.0)
    - RITLPhotos/RITLData (= 2.3.0)
    - RITLPhotos/RITLGroupModule (= 2.3.0)
    - RITLPhotos/RITLHoriScrollModule (= 2.3.0)
    - RITLPhotos/RITLPhotosCategory (= 2.3.0)
    - RITLPhotos/RITLPhotosController (= 2.3.0)
    - RITLPhotos/RITLPhotoStore (= 2.3.0)
    - RITLPhotos/RITLViews (= 2.3.0)
  - RITLPhotos/Protocol (2.3.0):
    - Masonry
    - RITLKit
  - RITLPhotos/RITLCollectionModule (2.3.0):
    - Masonry
    - RITLKit
    - RITLPhotos/RITLConfig
    - RITLPhotos/RITLData
    - RITLPhotos/RITLHoriScrollModule
    - RITLPhotos/RITLPhotosCategory
    - RITLPhotos/RITLPhotoStore
    - RITLPhotos/RITLViews
  - RITLPhotos/RITLConfig (2.3.0):
    - Masonry
    - RITLKit
  - RITLPhotos/RITLData (2.3.0):
    - Masonry
    - RITLKit
    - RITLPhotos/Protocol
    - RITLPhotos/RITLPhotosCategory
  - RITLPhotos/RITLGroupModule (2.3.0):
    - Masonry
    - RITLKit
    - RITLPhotos/RITLCollectionModule
    - RITLPhotos/RITLPhotosCategory
    - RITLPhotos/RITLPhotoStore
  - RITLPhotos/RITLHoriScrollModule (2.3.0):
    - Masonry
    - RITLKit
    - RITLPhotos/RITLConfig
    - RITLPhotos/RITLData
    - RITLPhotos/RITLPhotosCategory
    - RITLPhotos/RITLViews
  - RITLPhotos/RITLPhotosCategory (2.3.0):
    - Masonry
    - RITLKit
  - RITLPhotos/RITLPhotosController (2.3.0):
    - Masonry
    - RITLKit
    - RITLPhotos/Protocol
    - RITLPhotos/RITLCollectionModule
    - RITLPhotos/RITLConfig
    - RITLPhotos/RITLData
    - RITLPhotos/RITLGroupModule
  - RITLPhotos/RITLPhotoStore (2.3.0):
    - Masonry
    - RITLKit
    - RITLPhotos/RITLPhotosCategory
  - RITLPhotos/RITLViews (2.3.0):
    - Masonry
    - RITLKit
    - RITLPhotos/RITLPhotosCategory
  - RITLViewFrame (0.0.1)
  - SDWebImage (5.1.0):
    - SDWebImage/Core (= 5.1.0)
  - SDWebImage/Core (5.1.0)

DEPENDENCIES:
  - ColorfulWoodTools
  - ColorfulWoodUIBase

SPEC REPOS:
  https://github.com/cocoapods/specs.git:
    - ColorfulWoodCategories
    - ColorfulWoodNavigationBar
    - ColorfulWoodPoint
    - ColorfulWoodTools
    - ColorfulWoodUIBase
    - IQKeyboardManager
    - Masonry
    - MBProgressHUD
    - MJRefresh
    - RITLKit
    - RITLPhotos
    - RITLViewFrame
    - SDWebImage

SPEC CHECKSUMS:
  ColorfulWoodCategories: 14911615e696a6d01d93b9d41e5ee0e46fe68ed5
  ColorfulWoodNavigationBar: aa725c7fe7a235811708c248ecaa9e6202caabac
  ColorfulWoodPoint: 3e3bc06c11b4c7514302b407f7eca558d8e9930c
  ColorfulWoodTools: 427107c26dab0238ad49959d92f9a5671a667511
  ColorfulWoodUIBase: cade754a8ad147484639b1e67e5e7d7e15106f2c
  IQKeyboardManager: fcef267266379c003181fc3592f6bdb8bf4db839
  Masonry: 678fab65091a9290e40e2832a55e7ab731aad201
  MBProgressHUD: e7baa36a220447d8aeb12769bf0585582f3866d9
  MJRefresh: ed450d6eb9d3346a2cb033ab7eb6de090aeef437
  RITLKit: 8f3c88e474d253ca231a0f431d1aeab787153ed6
  RITLPhotos: f83df8958560131a16aa386434b1bd6b793e1e91
  RITLViewFrame: 4e38e6333e6b4691c1980c3fcda9ff4d08f0d2c8
  SDWebImage: fb387001955223213dde14bc08c8b73f371f8d8f

PODFILE CHECKSUM: ac31fb158d1095a196493e362c5ed61b502698f3

COCOAPODS: 1.7.2
